
Microsoft Visual Studio Solution File, Format Version 12.00
# Visual Studio Version 17
VisualStudioVersion = 17.14.36518.9 d17.14
MinimumVisualStudioVersion = 10.0.40219.1
Project("{888888A0-9F3D-457C-B088-3A5042F75D52}") = "grimreaperbot", "grimreaperbot.pyproj", "{2B93CAD6-0E7B-4B87-A0FE-52768ECEA874}"
EndProject
Global
	GlobalSection(SolutionConfigurationPlatforms) = preSolution
		Debug|Any CPU = Debug|Any CPU
		Release|Any CPU = Release|Any CPU
	EndGlobalSection
	GlobalSection(ProjectConfigurationPlatforms) = postSolution
		{2B93CAD6-0E7B-4B87-A0FE-52768ECEA874}.Debug|Any CPU.ActiveCfg = Debug|Any CPU
		{2B93CAD6-0E7B-4B87-A0FE-52768ECEA874}.Release|Any CPU.ActiveCfg = Release|Any CPU
	EndGlobalSection
	GlobalSection(SolutionProperties) = preSolution
		HideSolutionNode = FALSE
	EndGlobalSection
	GlobalSection(ExtensibilityGlobals) = postSolution
		SolutionGuid = {692675F1-780F-4177-AF8B-8354AEA042EE}
	EndGlobalSection
EndGlobal
